
Microsoft Visual Studio Solution File, Format Version 12.00
# Visual Studio 15
VisualStudioVersion = 15.0.26730.8
MinimumVisualStudioVersion = 10.0.40219.1
Project("{FAE04EC0-301F-11D3-BF4B-00C04F79EFBC}") = "multiview", "multiview\multiview.csproj", "{91DCB453-D035-425D-AB79-5E3C683E8A92}"
EndProject
Global
	GlobalSection(SolutionConfigurationPlatforms) = preSolution
		Debug|Any CPU = Debug|Any CPU
		Release|Any CPU = Release|Any CPU
	EndGlobalSection
	GlobalSection(ProjectConfigurationPlatforms) = postSolution
		{91DCB453-D035-425D-AB79-5E3C683E8A92}.Debug|Any CPU.ActiveCfg = Debug|Any CPU
		{91DCB453-D035-425D-AB79-5E3C683E8A92}.Debug|Any CPU.Build.0 = Debug|Any CPU
		{91DCB453-D035-425D-AB79-5E3C683E8A92}.Release|Any CPU.ActiveCfg = Release|Any CPU
		{91DCB453-D035-425D-AB79-5E3C683E8A92}.Release|Any CPU.Build.0 = Release|Any CPU
	EndGlobalSection
	GlobalSection(SolutionProperties) = preSolution
		HideSolutionNode = FALSE
	EndGlobalSection
	GlobalSection(ExtensibilityGlobals) = postSolution
		SolutionGuid = {D449895E-FBC8-4CCF-9E11-20369F043EC6}
	EndGlobalSection
EndGlobal
